
Microsoft Visual Studio Solution File, Format Version 12.00
# Visual Studio Version 17
VisualStudioVersion = 17.2.32519.379
MinimumVisualStudioVersion = 10.0.40219.1
Project("{FAE04EC0-301F-11D3-BF4B-00C04F79EFBC}") = "DesafioBalta05", "DesafioBalta05\DesafioBalta05.csproj", "{735E3E56-3230-47AB-A8CF-60028BF008B1}"
EndProject
Global
	GlobalSection(SolutionConfigurationPlatforms) = preSolution
		Debug|Any CPU = Debug|Any CPU
		Release|Any CPU = Release|Any CPU
	EndGlobalSection
	GlobalSection(ProjectConfigurationPlatforms) = postSolution
		{735E3E56-3230-47AB-A8CF-60028BF008B1}.Debug|Any CPU.ActiveCfg = Debug|Any CPU
		{735E3E56-3230-47AB-A8CF-60028BF008B1}.Debug|Any CPU.Build.0 = Debug|Any CPU
		{735E3E56-3230-47AB-A8CF-60028BF008B1}.Release|Any CPU.ActiveCfg = Release|Any CPU
		{735E3E56-3230-47AB-A8CF-60028BF008B1}.Release|Any CPU.Build.0 = Release|Any CPU
	EndGlobalSection
	GlobalSection(SolutionProperties) = preSolution
		HideSolutionNode = FALSE
	EndGlobalSection
	GlobalSection(ExtensibilityGlobals) = postSolution
		SolutionGuid = {74A46769-C882-4C10-929F-BE7EFB24783D}
	EndGlobalSection
EndGlobal
